
Microsoft Visual Studio Solution File, Format Version 12.00
# Visual Studio Version 17
VisualStudioVersion = 17.0.31903.59
MinimumVisualStudioVersion = 10.0.40219.1
Project("{2150E333-8FDC-42A3-9474-1A3956D46DE8}") = "src", "src", "{827E0CD3-B72D-47B6-A68D-7590B98EB39B}"
EndProject
Project("{FAE04EC0-301F-11D3-BF4B-00C04F79EFBC}") = "AINewsHub.AppHost", "src\AINewsHub.AppHost\AINewsHub.AppHost.csproj", "{D1BD5210-616A-4E1F-9DFA-B07780B83567}"
EndProject
Project("{FAE04EC0-301F-11D3-BF4B-00C04F79EFBC}") = "AINewsHub.ServiceDefaults", "src\AINewsHub.ServiceDefaults\AINewsHub.ServiceDefaults.csproj", "{4DAA29E8-F953-456B-A53E-ABC80877F4A0}"
EndProject
Project("{FAE04EC0-301F-11D3-BF4B-00C04F79EFBC}") = "AINewsHub.Core", "src\AINewsHub.Core\AINewsHub.Core.csproj", "{F14DB9EB-B4B1-43C1-BE3E-0556DF429887}"
EndProject
Project("{FAE04EC0-301F-11D3-BF4B-00C04F79EFBC}") = "AINewsHub.Infrastructure", "src\AINewsHub.Infrastructure\AINewsHub.Infrastructure.csproj", "{D946FD0C-5097-4D4B-B6E1-E91A9A2C9A99}"
EndProject
Project("{FAE04EC0-301F-11D3-BF4B-00C04F79EFBC}") = "AINewsHub.Web", "src\AINewsHub.Web\AINewsHub.Web.csproj", "{9590E0CE-3C2F-4317-AC4E-8F7C197D8037}"
EndProject
Project("{FAE04EC0-301F-11D3-BF4B-00C04F79EFBC}") = "AINewsHub.CrawlerService", "src\AINewsHub.CrawlerService\AINewsHub.CrawlerService.csproj", "{7D13652E-F5E6-4D50-B7EA-2DAEA4EA7D9D}"
EndProject
Project("{FAE04EC0-301F-11D3-BF4B-00C04F79EFBC}") = "AINewsHub.NewsletterService", "src\AINewsHub.NewsletterService\AINewsHub.NewsletterService.csproj", "{8EC4E8AB-9396-49E2-BB89-6B5B2D073822}"
EndProject
Project("{2150E333-8FDC-42A3-9474-1A3956D46DE8}") = "tests", "tests", "{0AB3BF05-4346-4AA6-1389-037BE0695223}"
EndProject
Project("{FAE04EC0-301F-11D3-BF4B-00C04F79EFBC}") = "AINewsHub.Core.Tests", "tests\AINewsHub.Core.Tests\AINewsHub.Core.Tests.csproj", "{335EB8B1-F3C0-4E08-8A62-03FD792F4161}"
EndProject
Project("{FAE04EC0-301F-11D3-BF4B-00C04F79EFBC}") = "AINewsHub.Integration.Tests", "tests\AINewsHub.Integration.Tests\AINewsHub.Integration.Tests.csproj", "{6B58CFAD-2426-4AD7-B8E9-AF64D0C3102F}"
EndProject
Global
	GlobalSection(SolutionConfigurationPlatforms) = preSolution
		Debug|Any CPU = Debug|Any CPU
		Debug|x64 = Debug|x64
		Debug|x86 = Debug|x86
		Release|Any CPU = Release|Any CPU
		Release|x64 = Release|x64
		Release|x86 = Release|x86
	EndGlobalSection
	GlobalSection(ProjectConfigurationPlatforms) = postSolution
		{D1BD5210-616A-4E1F-9DFA-B07780B83567}.Debug|Any CPU.ActiveCfg = Debug|Any CPU
		{D1BD5210-616A-4E1F-9DFA-B07780B83567}.Debug|Any CPU.Build.0 = Debug|Any CPU
		{D1BD5210-616A-4E1F-9DFA-B07780B83567}.Debug|x64.ActiveCfg = Debug|Any CPU
		{D1BD5210-616A-4E1F-9DFA-B07780B83567}.Debug|x64.Build.0 = Debug|Any CPU
		{D1BD5210-616A-4E1F-9DFA-B07780B83567}.Debug|x86.ActiveCfg = Debug|Any CPU
		{D1BD5210-616A-4E1F-9DFA-B07780B83567}.Debug|x86.Build.0 = Debug|Any CPU
		{D1BD5210-616A-4E1F-9DFA-B07780B83567}.Release|Any CPU.ActiveCfg = Release|Any CPU
		{D1BD5210-616A-4E1F-9DFA-B07780B83567}.Release|Any CPU.Build.0 = Release|Any CPU
		{D1BD5210-616A-4E1F-9DFA-B07780B83567}.Release|x64.ActiveCfg = Release|Any CPU
		{D1BD5210-616A-4E1F-9DFA-B07780B83567}.Release|x64.Build.0 = Release|Any CPU
		{D1BD5210-616A-4E1F-9DFA-B07780B83567}.Release|x86.ActiveCfg = Release|Any CPU
		{D1BD5210-616A-4E1F-9DFA-B07780B83567}.Release|x86.Build.0 = Release|Any CPU
		{4DAA29E8-F953-456B-A53E-ABC80877F4A0}.Debug|Any CPU.ActiveCfg = Debug|Any CPU
		{4DAA29E8-F953-456B-A53E-ABC80877F4A0}.Debug|Any CPU.Build.0 = Debug|Any CPU
		{4DAA29E8-F953-456B-A53E-ABC80877F4A0}.Debug|x64.ActiveCfg = Debug|Any CPU
		{4DAA29E8-F953-456B-A53E-ABC80877F4A0}.Debug|x64.Build.0 = Debug|Any CPU
		{4DAA29E8-F953-456B-A53E-ABC80877F4A0}.Debug|x86.ActiveCfg = Debug|Any CPU
		{4DAA29E8-F953-456B-A53E-ABC80877F4A0}.Debug|x86.Build.0 = Debug|Any CPU
		{4DAA29E8-F953-456B-A53E-ABC80877F4A0}.Release|Any CPU.ActiveCfg = Release|Any CPU
		{4DAA29E8-F953-456B-A53E-ABC80877F4A0}.Release|Any CPU.Build.0 = Release|Any CPU
		{4DAA29E8-F953-456B-A53E-ABC80877F4A0}.Release|x64.ActiveCfg = Release|Any CPU
		{4DAA29E8-F953-456B-A53E-ABC80877F4A0}.Release|x64.Build.0 = Release|Any CPU
		{4DAA29E8-F953-456B-A53E-ABC80877F4A0}.Release|x86.ActiveCfg = Release|Any CPU
		{4DAA29E8-F953-456B-A53E-ABC80877F4A0}.Release|x86.Build.0 = Release|Any CPU
		{F14DB9EB-B4B1-43C1-BE3E-0556DF429887}.Debug|Any CPU.ActiveCfg = Debug|Any CPU
		{F14DB9EB-B4B1-43C1-BE3E-0556DF429887}.Debug|Any CPU.Build.0 = Debug|Any CPU
		{F14DB9EB-B4B1-43C1-BE3E-0556DF429887}.Debug|x64.ActiveCfg = Debug|Any CPU
		{F14DB9EB-B4B1-43C1-BE3E-0556DF429887}.Debug|x64.Build.0 = Debug|Any CPU
		{F14DB9EB-B4B1-43C1-BE3E-0556DF429887}.Debug|x86.ActiveCfg = Debug|Any CPU
		{F14DB9EB-B4B1-43C1-BE3E-0556DF429887}.Debug|x86.Build.0 = Debug|Any CPU
		{F14DB9EB-B4B1-43C1-BE3E-0556DF429887}.Release|Any CPU.ActiveCfg = Release|Any CPU
		{F14DB9EB-B4B1-43C1-BE3E-0556DF429887}.Release|Any CPU.Build.0 = Release|Any CPU
		{F14DB9EB-B4B1-43C1-BE3E-0556DF429887}.Release|x64.ActiveCfg = Release|Any CPU
		{F14DB9EB-B4B1-43C1-BE3E-0556DF429887}.Release|x64.Build.0 = Release|Any CPU
		{F14DB9EB-B4B1-43C1-BE3E-0556DF429887}.Release|x86.ActiveCfg = Release|Any CPU
		{F14DB9EB-B4B1-43C1-BE3E-0556DF429887}.Release|x86.Build.0 = Release|Any CPU
		{D946FD0C-5097-4D4B-B6E1-E91A9A2C9A99}.Debug|Any CPU.ActiveCfg = Debug|Any CPU
		{D946FD0C-5097-4D4B-B6E1-E91A9A2C9A99}.Debug|Any CPU.Build.0 = Debug|Any CPU
		{D946FD0C-5097-4D4B-B6E1-E91A9A2C9A99}.Debug|x64.ActiveCfg = Debug|Any CPU
		{D946FD0C-5097-4D4B-B6E1-E91A9A2C9A99}.Debug|x64.Build.0 = Debug|Any CPU
		{D946FD0C-5097-4D4B-B6E1-E91A9A2C9A99}.Debug|x86.ActiveCfg = Debug|Any CPU
		{D946FD0C-5097-4D4B-B6E1-E91A9A2C9A99}.Debug|x86.Build.0 = Debug|Any CPU
		{D946FD0C-5097-4D4B-B6E1-E91A9A2C9A99}.Release|Any CPU.ActiveCfg = Release|Any CPU
		{D946FD0C-5097-4D4B-B6E1-E91A9A2C9A99}.Release|Any CPU.Build.0 = Release|Any CPU
		{D946FD0C-5097-4D4B-B6E1-E91A9A2C9A99}.Release|x64.ActiveCfg = Release|Any CPU
		{D946FD0C-5097-4D4B-B6E1-E91A9A2C9A99}.Release|x64.Build.0 = Release|Any CPU
		{D946FD0C-5097-4D4B-B6E1-E91A9A2C9A99}.Release|x86.ActiveCfg = Release|Any CPU
		{D946FD0C-5097-4D4B-B6E1-E91A9A2C9A99}.Release|x86.Build.0 = Release|Any CPU
		{9590E0CE-3C2F-4317-AC4E-8F7C197D8037}.Debug|Any CPU.ActiveCfg = Debug|Any CPU
		{9590E0CE-3C2F-4317-AC4E-8F7C197D8037}.Debug|Any CPU.Build.0 = Debug|Any CPU
		{9590E0CE-3C2F-4317-AC4E-8F7C197D8037}.Debug|x64.ActiveCfg = Debug|Any CPU
		{9590E0CE-3C2F-4317-AC4E-8F7C197D8037}.Debug|x64.Build.0 = Debug|Any CPU
		{9590E0CE-3C2F-4317-AC4E-8F7C197D8037}.Debug|x86.ActiveCfg = Debug|Any CPU
		{9590E0CE-3C2F-4317-AC4E-8F7C197D8037}.Debug|x86.Build.0 = Debug|Any CPU
		{9590E0CE-3C2F-4317-AC4E-8F7C197D8037}.Release|Any CPU.ActiveCfg = Release|Any CPU
		{9590E0CE-3C2F-4317-AC4E-8F7C197D8037}.Release|Any CPU.Build.0 = Release|Any CPU
		{9590E0CE-3C2F-4317-AC4E-8F7C197D8037}.Release|x64.ActiveCfg = Release|Any CPU
		{9590E0CE-3C2F-4317-AC4E-8F7C197D8037}.Release|x64.Build.0 = Release|Any CPU
		{9590E0CE-3C2F-4317-AC4E-8F7C197D8037}.Release|x86.ActiveCfg = Release|Any CPU
		{9590E0CE-3C2F-4317-AC4E-8F7C197D8037}.Release|x86.Build.0 = Release|Any CPU
		{7D13652E-F5E6-4D50-B7EA-2DAEA4EA7D9D}.Debug|Any CPU.ActiveCfg = Debug|Any CPU
		{7D13652E-F5E6-4D50-B7EA-2DAEA4EA7D9D}.Debug|Any CPU.Build.0 = Debug|Any CPU
		{7D13652E-F5E6-4D50-B7EA-2DAEA4EA7D9D}.Debug|x64.ActiveCfg = Debug|Any CPU
		{7D13652E-F5E6-4D50-B7EA-2DAEA4EA7D9D}.Debug|x64.Build.0 = Debug|Any CPU
		{7D13652E-F5E6-4D50-B7EA-2DAEA4EA7D9D}.Debug|x86.ActiveCfg = Debug|Any CPU
		{7D13652E-F5E6-4D50-B7EA-2DAEA4EA7D9D}.Debug|x86.Build.0 = Debug|Any CPU
		{7D13652E-F5E6-4D50-B7EA-2DAEA4EA7D9D}.Release|Any CPU.ActiveCfg = Release|Any CPU
		{7D13652E-F5E6-4D50-B7EA-2DAEA4EA7D9D}.Release|Any CPU.Build.0 = Release|Any CPU
		{7D13652E-F5E6-4D50-B7EA-2DAEA4EA7D9D}.Release|x64.ActiveCfg = Release|Any CPU
		{7D13652E-F5E6-4D50-B7EA-2DAEA4EA7D9D}.Release|x64.Build.0 = Release|Any CPU
		{7D13652E-F5E6-4D50-B7EA-2DAEA4EA7D9D}.Release|x86.ActiveCfg = Release|Any CPU
		{7D13652E-F5E6-4D50-B7EA-2DAEA4EA7D9D}.Release|x86.Build.0 = Release|Any CPU
		{8EC4E8AB-9396-49E2-BB89-6B5B2D073822}.Debug|Any CPU.ActiveCfg = Debug|Any CPU
		{8EC4E8AB-9396-49E2-BB89-6B5B2D073822}.Debug|Any CPU.Build.0 = Debug|Any CPU
		{8EC4E8AB-9396-49E2-BB89-6B5B2D073822}.Debug|x64.ActiveCfg = Debug|Any CPU
		{8EC4E8AB-9396-49E2-BB89-6B5B2D073822}.Debug|x64.Build.0 = Debug|Any CPU
		{8EC4E8AB-9396-49E2-BB89-6B5B2D073822}.Debug|x86.ActiveCfg = Debug|Any CPU
		{8EC4E8AB-9396-49E2-BB89-6B5B2D073822}.Debug|x86.Build.0 = Debug|Any CPU
		{8EC4E8AB-9396-49E2-BB89-6B5B2D073822}.Release|Any CPU.ActiveCfg = Release|Any CPU
		{8EC4E8AB-9396-49E2-BB89-6B5B2D073822}.Release|Any CPU.Build.0 = Release|Any CPU
		{8EC4E8AB-9396-49E2-BB89-6B5B2D073822}.Release|x64.ActiveCfg = Release|Any CPU
		{8EC4E8AB-9396-49E2-BB89-6B5B2D073822}.Release|x64.Build.0 = Release|Any CPU
		{8EC4E8AB-9396-49E2-BB89-6B5B2D073822}.Release|x86.ActiveCfg = Release|Any CPU
		{8EC4E8AB-9396-49E2-BB89-6B5B2D073822}.Release|x86.Build.0 = Release|Any CPU
		{335EB8B1-F3C0-4E08-8A62-03FD792F4161}.Debug|Any CPU.ActiveCfg = Debug|Any CPU
		{335EB8B1-F3C0-4E08-8A62-03FD792F4161}.Debug|Any CPU.Build.0 = Debug|Any CPU
		{335EB8B1-F3C0-4E08-8A62-03FD792F4161}.Debug|x64.ActiveCfg = Debug|Any CPU
		{335EB8B1-F3C0-4E08-8A62-03FD792F4161}.Debug|x64.Build.0 = Debug|Any CPU
		{335EB8B1-F3C0-4E08-8A62-03FD792F4161}.Debug|x86.ActiveCfg = Debug|Any CPU
		{335EB8B1-F3C0-4E08-8A62-03FD792F4161}.Debug|x86.Build.0 = Debug|Any CPU
		{335EB8B1-F3C0-4E08-8A62-03FD792F4161}.Release|Any CPU.ActiveCfg = Release|Any CPU
		{335EB8B1-F3C0-4E08-8A62-03FD792F4161}.Release|Any CPU.Build.0 = Release|Any CPU
		{335EB8B1-F3C0-4E08-8A62-03FD792F4161}.Release|x64.ActiveCfg = Release|Any CPU
		{335EB8B1-F3C0-4E08-8A62-03FD792F4161}.Release|x64.Build.0 = Release|Any CPU
		{335EB8B1-F3C0-4E08-8A62-03FD792F4161}.Release|x86.ActiveCfg = Release|Any CPU
		{335EB8B1-F3C0-4E08-8A62-03FD792F4161}.Release|x86.Build.0 = Release|Any CPU
		{6B58CFAD-2426-4AD7-B8E9-AF64D0C3102F}.Debug|Any CPU.ActiveCfg = Debug|Any CPU
		{6B58CFAD-2426-4AD7-B8E9-AF64D0C3102F}.Debug|Any CPU.Build.0 = Debug|Any CPU
		{6B58CFAD-2426-4AD7-B8E9-AF64D0C3102F}.Debug|x64.ActiveCfg = Debug|Any CPU
		{6B58CFAD-2426-4AD7-B8E9-AF64D0C3102F}.Debug|x64.Build.0 = Debug|Any CPU
		{6B58CFAD-2426-4AD7-B8E9-AF64D0C3102F}.Debug|x86.ActiveCfg = Debug|Any CPU
		{6B58CFAD-2426-4AD7-B8E9-AF64D0C3102F}.Debug|x86.Build.0 = Debug|Any CPU
		{6B58CFAD-2426-4AD7-B8E9-AF64D0C3102F}.Release|Any CPU.ActiveCfg = Release|Any CPU
		{6B58CFAD-2426-4AD7-B8E9-AF64D0C3102F}.Release|Any CPU.Build.0 = Release|Any CPU
		{6B58CFAD-2426-4AD7-B8E9-AF64D0C3102F}.Release|x64.ActiveCfg = Release|Any CPU
		{6B58CFAD-2426-4AD7-B8E9-AF64D0C3102F}.Release|x64.Build.0 = Release|Any CPU
		{6B58CFAD-2426-4AD7-B8E9-AF64D0C3102F}.Release|x86.ActiveCfg = Release|Any CPU
		{6B58CFAD-2426-4AD7-B8E9-AF64D0C3102F}.Release|x86.Build.0 = Release|Any CPU
	EndGlobalSection
	GlobalSection(SolutionProperties) = preSolution
		HideSolutionNode = FALSE
	EndGlobalSection
	GlobalSection(NestedProjects) = preSolution
		{D1BD5210-616A-4E1F-9DFA-B07780B83567} = {827E0CD3-B72D-47B6-A68D-7590B98EB39B}
		{4DAA29E8-F953-456B-A53E-ABC80877F4A0} = {827E0CD3-B72D-47B6-A68D-7590B98EB39B}
		{F14DB9EB-B4B1-43C1-BE3E-0556DF429887} = {827E0CD3-B72D-47B6-A68D-7590B98EB39B}
		{D946FD0C-5097-4D4B-B6E1-E91A9A2C9A99} = {827E0CD3-B72D-47B6-A68D-7590B98EB39B}
		{9590E0CE-3C2F-4317-AC4E-8F7C197D8037} = {827E0CD3-B72D-47B6-A68D-7590B98EB39B}
		{7D13652E-F5E6-4D50-B7EA-2DAEA4EA7D9D} = {827E0CD3-B72D-47B6-A68D-7590B98EB39B}
		{8EC4E8AB-9396-49E2-BB89-6B5B2D073822} = {827E0CD3-B72D-47B6-A68D-7590B98EB39B}
		{335EB8B1-F3C0-4E08-8A62-03FD792F4161} = {0AB3BF05-4346-4AA6-1389-037BE0695223}
		{6B58CFAD-2426-4AD7-B8E9-AF64D0C3102F} = {0AB3BF05-4346-4AA6-1389-037BE0695223}
	EndGlobalSection
EndGlobal
